
Microsoft Visual Studio Solution File, Format Version 12.00
Project("{FAE04EC0-301F-11D3-BF4B-00C04F79EFBC}") = "SnakeUtilities", "SnakeUtilities\SnakeUtilities.csproj", "{F777AD3C-C1C1-4A2A-9914-D31EC2602F2B}"
EndProject
Global
	GlobalSection(SolutionConfigurationPlatforms) = preSolution
		Debug|Any CPU = Debug|Any CPU
		Release|Any CPU = Release|Any CPU
	EndGlobalSection
	GlobalSection(ProjectConfigurationPlatforms) = postSolution
		{F777AD3C-C1C1-4A2A-9914-D31EC2602F2B}.Debug|Any CPU.ActiveCfg = Debug|Any CPU
		{F777AD3C-C1C1-4A2A-9914-D31EC2602F2B}.Debug|Any CPU.Build.0 = Debug|Any CPU
		{F777AD3C-C1C1-4A2A-9914-D31EC2602F2B}.Release|Any CPU.ActiveCfg = Release|Any CPU
		{F777AD3C-C1C1-4A2A-9914-D31EC2602F2B}.Release|Any CPU.Build.0 = Release|Any CPU
	EndGlobalSection
EndGlobal
